
Microsoft Visual Studio Solution File, Format Version 12.00
# Visual Studio Version 16
VisualStudioVersion = 16.0.29613.14
MinimumVisualStudioVersion = 10.0.40219.1
Project("{FAE04EC0-301F-11D3-BF4B-00C04F79EFBC}") = "PROG1_PROYECTO_FINAL", "PROG1_PROYECTO_FINAL.csproj", "{07A6ADDB-8A51-4638-97D7-8B628EC2114D}"
EndProject
Global
	GlobalSection(SolutionConfigurationPlatforms) = preSolution
		Debug|Any CPU = Debug|Any CPU
		Release|Any CPU = Release|Any CPU
	EndGlobalSection
	GlobalSection(ProjectConfigurationPlatforms) = postSolution
		{07A6ADDB-8A51-4638-97D7-8B628EC2114D}.Debug|Any CPU.ActiveCfg = Debug|Any CPU
		{07A6ADDB-8A51-4638-97D7-8B628EC2114D}.Debug|Any CPU.Build.0 = Debug|Any CPU
		{07A6ADDB-8A51-4638-97D7-8B628EC2114D}.Release|Any CPU.ActiveCfg = Release|Any CPU
		{07A6ADDB-8A51-4638-97D7-8B628EC2114D}.Release|Any CPU.Build.0 = Release|Any CPU
	EndGlobalSection
	GlobalSection(SolutionProperties) = preSolution
		HideSolutionNode = FALSE
	EndGlobalSection
	GlobalSection(ExtensibilityGlobals) = postSolution
		SolutionGuid = {5A88E9B8-909E-4868-9C09-8C94BE73702A}
	EndGlobalSection
EndGlobal
